
Microsoft Visual Studio Solution File, Format Version 12.00
# Visual Studio Version 16
VisualStudioVersion = 16.0.29311.281
MinimumVisualStudioVersion = 10.0.40219.1
Project("{FAE04EC0-301F-11D3-BF4B-00C04F79EFBC}") = "RecruitingAPI", "RecruitingAPI\RecruitingAPI.csproj", "{BB7E5BF0-A22C-42E1-B631-BA44619F0E26}"
EndProject
Global
	GlobalSection(SolutionConfigurationPlatforms) = preSolution
		Debug|Any CPU = Debug|Any CPU
		Release|Any CPU = Release|Any CPU
	EndGlobalSection
	GlobalSection(ProjectConfigurationPlatforms) = postSolution
		{BB7E5BF0-A22C-42E1-B631-BA44619F0E26}.Debug|Any CPU.ActiveCfg = Debug|Any CPU
		{BB7E5BF0-A22C-42E1-B631-BA44619F0E26}.Debug|Any CPU.Build.0 = Debug|Any CPU
		{BB7E5BF0-A22C-42E1-B631-BA44619F0E26}.Release|Any CPU.ActiveCfg = Release|Any CPU
		{BB7E5BF0-A22C-42E1-B631-BA44619F0E26}.Release|Any CPU.Build.0 = Release|Any CPU
	EndGlobalSection
	GlobalSection(SolutionProperties) = preSolution
		HideSolutionNode = FALSE
	EndGlobalSection
	GlobalSection(ExtensibilityGlobals) = postSolution
		SolutionGuid = {9BA44F4F-1CA9-4A69-BB00-A078A0D6B008}
	EndGlobalSection
EndGlobal
